
Microsoft Visual Studio Solution File, Format Version 12.00
# Visual Studio Version 16
VisualStudioVersion = 16.0.30804.86
MinimumVisualStudioVersion = 10.0.40219.1
Project("{9A19103F-16F7-4668-BE54-9A1E7A4F7556}") = "ExamenTecnico.Api", "ExamenTecnicoApi\ExamenTecnico.Api.csproj", "{39911B48-4AED-4974-B259-4F47FDCB0A86}"
EndProject
Project("{9A19103F-16F7-4668-BE54-9A1E7A4F7556}") = "ExamenTecnico.Models", "ExamenTecnicoModels\ExamenTecnico.Models.csproj", "{6BA1BAE7-89AC-4478-972A-0EF9F4DB6D25}"
EndProject
Project("{FAE04EC0-301F-11D3-BF4B-00C04F79EFBC}") = "ExamenTecnico.Data", "ExamenTecnicoData\ExamenTecnico.Data.csproj", "{77E26D43-E400-44C5-A578-6425A641D4C6}"
EndProject
Project("{2150E333-8FDC-42A3-9474-1A3956D46DE8}") = "Solution Items", "Solution Items", "{B0A6D7E6-668C-49F6-9A70-9E9B6813C644}"
	ProjectSection(SolutionItems) = preProject
		README.md = README.md
	EndProjectSection
EndProject
Global
	GlobalSection(SolutionConfigurationPlatforms) = preSolution
		Debug|Any CPU = Debug|Any CPU
		Release|Any CPU = Release|Any CPU
	EndGlobalSection
	GlobalSection(ProjectConfigurationPlatforms) = postSolution
		{39911B48-4AED-4974-B259-4F47FDCB0A86}.Debug|Any CPU.ActiveCfg = Debug|Any CPU
		{39911B48-4AED-4974-B259-4F47FDCB0A86}.Debug|Any CPU.Build.0 = Debug|Any CPU
		{39911B48-4AED-4974-B259-4F47FDCB0A86}.Release|Any CPU.ActiveCfg = Release|Any CPU
		{39911B48-4AED-4974-B259-4F47FDCB0A86}.Release|Any CPU.Build.0 = Release|Any CPU
		{6BA1BAE7-89AC-4478-972A-0EF9F4DB6D25}.Debug|Any CPU.ActiveCfg = Debug|Any CPU
		{6BA1BAE7-89AC-4478-972A-0EF9F4DB6D25}.Debug|Any CPU.Build.0 = Debug|Any CPU
		{6BA1BAE7-89AC-4478-972A-0EF9F4DB6D25}.Release|Any CPU.ActiveCfg = Release|Any CPU
		{6BA1BAE7-89AC-4478-972A-0EF9F4DB6D25}.Release|Any CPU.Build.0 = Release|Any CPU
		{77E26D43-E400-44C5-A578-6425A641D4C6}.Debug|Any CPU.ActiveCfg = Debug|Any CPU
		{77E26D43-E400-44C5-A578-6425A641D4C6}.Debug|Any CPU.Build.0 = Debug|Any CPU
		{77E26D43-E400-44C5-A578-6425A641D4C6}.Release|Any CPU.ActiveCfg = Release|Any CPU
		{77E26D43-E400-44C5-A578-6425A641D4C6}.Release|Any CPU.Build.0 = Release|Any CPU
	EndGlobalSection
	GlobalSection(SolutionProperties) = preSolution
		HideSolutionNode = FALSE
	EndGlobalSection
	GlobalSection(ExtensibilityGlobals) = postSolution
		SolutionGuid = {4BE25205-7A47-402B-A0FC-AEE705FE1B4D}
	EndGlobalSection
EndGlobal
